
Microsoft Visual Studio Solution File, Format Version 12.00
# Visual Studio Version 17
VisualStudioVersion = 17.4.33403.182
MinimumVisualStudioVersion = 10.0.40219.1
Project("{FAE04EC0-301F-11D3-BF4B-00C04F79EFBC}") = "Jordnaer", "Jordnaer.csproj", "{6391952D-E40A-4EA1-9FD5-DBA4A189D1F0}"
EndProject
Project("{FAE04EC0-301F-11D3-BF4B-00C04F79EFBC}") = "Test", "..\Test\Test.csproj", "{B7B8256E-EF56-4083-9450-C0CBF401E7BC}"
EndProject
Global
	GlobalSection(SolutionConfigurationPlatforms) = preSolution
		Debug|Any CPU = Debug|Any CPU
		Release|Any CPU = Release|Any CPU
	EndGlobalSection
	GlobalSection(ProjectConfigurationPlatforms) = postSolution
		{6391952D-E40A-4EA1-9FD5-DBA4A189D1F0}.Debug|Any CPU.ActiveCfg = Debug|Any CPU
		{6391952D-E40A-4EA1-9FD5-DBA4A189D1F0}.Debug|Any CPU.Build.0 = Debug|Any CPU
		{6391952D-E40A-4EA1-9FD5-DBA4A189D1F0}.Release|Any CPU.ActiveCfg = Release|Any CPU
		{6391952D-E40A-4EA1-9FD5-DBA4A189D1F0}.Release|Any CPU.Build.0 = Release|Any CPU
		{B7B8256E-EF56-4083-9450-C0CBF401E7BC}.Debug|Any CPU.ActiveCfg = Debug|Any CPU
		{B7B8256E-EF56-4083-9450-C0CBF401E7BC}.Debug|Any CPU.Build.0 = Debug|Any CPU
		{B7B8256E-EF56-4083-9450-C0CBF401E7BC}.Release|Any CPU.ActiveCfg = Release|Any CPU
		{B7B8256E-EF56-4083-9450-C0CBF401E7BC}.Release|Any CPU.Build.0 = Release|Any CPU
	EndGlobalSection
	GlobalSection(SolutionProperties) = preSolution
		HideSolutionNode = FALSE
	EndGlobalSection
	GlobalSection(ExtensibilityGlobals) = postSolution
		SolutionGuid = {ABA63FB4-65DF-4927-A22B-9BFCCE58C208}
	EndGlobalSection
EndGlobal
